
Microsoft Visual Studio Solution File, Format Version 12.00
# Visual Studio Version 17
VisualStudioVersion = 17.5.33414.496
MinimumVisualStudioVersion = 10.0.40219.1
Project("{FAE04EC0-301F-11D3-BF4B-00C04F79EFBC}") = "tpmodul5_1302213037", "tpmodul5_1302213037\tpmodul5_1302213037.csproj", "{68070AE1-8CE5-45A8-B015-7B1159E66342}"
EndProject
Global
	GlobalSection(SolutionConfigurationPlatforms) = preSolution
		Debug|Any CPU = Debug|Any CPU
		Release|Any CPU = Release|Any CPU
	EndGlobalSection
	GlobalSection(ProjectConfigurationPlatforms) = postSolution
		{68070AE1-8CE5-45A8-B015-7B1159E66342}.Debug|Any CPU.ActiveCfg = Debug|Any CPU
		{68070AE1-8CE5-45A8-B015-7B1159E66342}.Debug|Any CPU.Build.0 = Debug|Any CPU
		{68070AE1-8CE5-45A8-B015-7B1159E66342}.Release|Any CPU.ActiveCfg = Release|Any CPU
		{68070AE1-8CE5-45A8-B015-7B1159E66342}.Release|Any CPU.Build.0 = Release|Any CPU
	EndGlobalSection
	GlobalSection(SolutionProperties) = preSolution
		HideSolutionNode = FALSE
	EndGlobalSection
	GlobalSection(ExtensibilityGlobals) = postSolution
		SolutionGuid = {25239AFF-1519-42BA-B35A-87CB19B98A6E}
	EndGlobalSection
EndGlobal
